
Microsoft Visual Studio Solution File, Format Version 12.00
# Visual Studio Version 16
VisualStudioVersion = 16.0.29215.179
MinimumVisualStudioVersion = 10.0.40219.1
Project("{FAE04EC0-301F-11D3-BF4B-00C04F79EFBC}") = "ConsoleApp1", "ConsoleApp1\ConsoleApp1.csproj", "{1AA12ED1-05ED-482B-AD6F-F9449FD8BB4F}"
EndProject
Global
	GlobalSection(SolutionConfigurationPlatforms) = preSolution
		Debug|Any CPU = Debug|Any CPU
		Release|Any CPU = Release|Any CPU
	EndGlobalSection
	GlobalSection(ProjectConfigurationPlatforms) = postSolution
		{1AA12ED1-05ED-482B-AD6F-F9449FD8BB4F}.Debug|Any CPU.ActiveCfg = Debug|Any CPU
		{1AA12ED1-05ED-482B-AD6F-F9449FD8BB4F}.Debug|Any CPU.Build.0 = Debug|Any CPU
		{1AA12ED1-05ED-482B-AD6F-F9449FD8BB4F}.Release|Any CPU.ActiveCfg = Release|Any CPU
		{1AA12ED1-05ED-482B-AD6F-F9449FD8BB4F}.Release|Any CPU.Build.0 = Release|Any CPU
	EndGlobalSection
	GlobalSection(SolutionProperties) = preSolution
		HideSolutionNode = FALSE
	EndGlobalSection
	GlobalSection(ExtensibilityGlobals) = postSolution
		SolutionGuid = {E5B40EE1-2C24-48B9-AA79-108ADF3E8E57}
	EndGlobalSection
EndGlobal
